
Microsoft Visual Studio Solution File, Format Version 12.00
# Visual Studio 14
VisualStudioVersion = 14.0.25420.1
MinimumVisualStudioVersion = 10.0.40219.1
Project("{FAE04EC0-301F-11D3-BF4B-00C04F79EFBC}") = "Algorithm", "Algorithm\Algorithm.csproj", "{2198ABA9-FD74-4760-BC58-0C1A8527DDD9}"
EndProject
Project("{FAE04EC0-301F-11D3-BF4B-00C04F79EFBC}") = "Algorithm.Console", "Algorithm.Console\Algorithm.Console.csproj", "{9EEA01C4-74F8-4614-AB73-4D22CDBE05CD}"
EndProject
Global
	GlobalSection(SolutionConfigurationPlatforms) = preSolution
		Debug|Any CPU = Debug|Any CPU
		Release|Any CPU = Release|Any CPU
	EndGlobalSection
	GlobalSection(ProjectConfigurationPlatforms) = postSolution
		{2198ABA9-FD74-4760-BC58-0C1A8527DDD9}.Debug|Any CPU.ActiveCfg = Debug|Any CPU
		{2198ABA9-FD74-4760-BC58-0C1A8527DDD9}.Debug|Any CPU.Build.0 = Debug|Any CPU
		{2198ABA9-FD74-4760-BC58-0C1A8527DDD9}.Release|Any CPU.ActiveCfg = Release|Any CPU
		{2198ABA9-FD74-4760-BC58-0C1A8527DDD9}.Release|Any CPU.Build.0 = Release|Any CPU
		{9EEA01C4-74F8-4614-AB73-4D22CDBE05CD}.Debug|Any CPU.ActiveCfg = Debug|Any CPU
		{9EEA01C4-74F8-4614-AB73-4D22CDBE05CD}.Debug|Any CPU.Build.0 = Debug|Any CPU
		{9EEA01C4-74F8-4614-AB73-4D22CDBE05CD}.Release|Any CPU.ActiveCfg = Release|Any CPU
		{9EEA01C4-74F8-4614-AB73-4D22CDBE05CD}.Release|Any CPU.Build.0 = Release|Any CPU
	EndGlobalSection
	GlobalSection(SolutionProperties) = preSolution
		HideSolutionNode = FALSE
	EndGlobalSection
EndGlobal
